
Microsoft Visual Studio Solution File, Format Version 12.00
# Visual Studio Version 17
VisualStudioVersion = 17.6.33927.249
MinimumVisualStudioVersion = 10.0.40219.1
Project("{FAE04EC0-301F-11D3-BF4B-00C04F79EFBC}") = "TestRepo", "TestRepo\TestRepo.csproj", "{CE7567F2-9123-4FEA-B224-5DAE52ABA5B7}"
EndProject
Global
	GlobalSection(SolutionConfigurationPlatforms) = preSolution
		Debug|Any CPU = Debug|Any CPU
		Release|Any CPU = Release|Any CPU
	EndGlobalSection
	GlobalSection(ProjectConfigurationPlatforms) = postSolution
		{CE7567F2-9123-4FEA-B224-5DAE52ABA5B7}.Debug|Any CPU.ActiveCfg = Debug|Any CPU
		{CE7567F2-9123-4FEA-B224-5DAE52ABA5B7}.Debug|Any CPU.Build.0 = Debug|Any CPU
		{CE7567F2-9123-4FEA-B224-5DAE52ABA5B7}.Release|Any CPU.ActiveCfg = Release|Any CPU
		{CE7567F2-9123-4FEA-B224-5DAE52ABA5B7}.Release|Any CPU.Build.0 = Release|Any CPU
	EndGlobalSection
	GlobalSection(SolutionProperties) = preSolution
		HideSolutionNode = FALSE
	EndGlobalSection
	GlobalSection(ExtensibilityGlobals) = postSolution
		SolutionGuid = {5B01C45F-758C-43BF-A749-F099645AD1F3}
	EndGlobalSection
EndGlobal
